
Microsoft Visual Studio Solution File, Format Version 12.00
# Visual Studio Version 17
VisualStudioVersion = 17.10.35027.167
MinimumVisualStudioVersion = 10.0.40219.1
Project("{FAE04EC0-301F-11D3-BF4B-00C04F79EFBC}") = "JwtAuthAspNetWebAPI", "JwtAuthAspNetWebAPI\JwtAuthAspNetWebAPI.csproj", "{C2C0DD26-10FB-4489-90FE-ADD42D339187}"
EndProject
Global
	GlobalSection(SolutionConfigurationPlatforms) = preSolution
		Debug|Any CPU = Debug|Any CPU
		Release|Any CPU = Release|Any CPU
	EndGlobalSection
	GlobalSection(ProjectConfigurationPlatforms) = postSolution
		{C2C0DD26-10FB-4489-90FE-ADD42D339187}.Debug|Any CPU.ActiveCfg = Debug|Any CPU
		{C2C0DD26-10FB-4489-90FE-ADD42D339187}.Debug|Any CPU.Build.0 = Debug|Any CPU
		{C2C0DD26-10FB-4489-90FE-ADD42D339187}.Release|Any CPU.ActiveCfg = Release|Any CPU
		{C2C0DD26-10FB-4489-90FE-ADD42D339187}.Release|Any CPU.Build.0 = Release|Any CPU
	EndGlobalSection
	GlobalSection(SolutionProperties) = preSolution
		HideSolutionNode = FALSE
	EndGlobalSection
	GlobalSection(ExtensibilityGlobals) = postSolution
		SolutionGuid = {756D9811-753C-4026-BD79-317CB8FE6A81}
	EndGlobalSection
EndGlobal
